# This file is generated by running "yarn install" inside your project.
# Manual changes might be lost - proceed with caution!

__metadata:
  version: 4

"eslint@npm:0.0.0":
  version: 0.0.0
  resolution: "eslint@npm:0.0.0"
  bin:
    eslint: bin/eslint.js
  checksum: 3/f9a9cc3139504a3f259adfc7a497332025ef7ae1fd9fcf5295e4da6ad822e6bb6ffa2c32773bf0e2ab3dff73c17ea31581e541a5e631c2458dc7235319a8357c
  languageName: node
  linkType: hard

"yarn-pnpify@workspace:.":
  version: 0.0.0-use.local
  resolution: "yarn-pnpify@workspace:."
  dependencies:
    eslint: 0.0.0
  languageName: unknown
  linkType: soft
